{
  "name": "lit-html-test",
  "version": "1.0.0",
  "lockfileVersion": 1,
  "requires": true,
  "dependencies": {
    "lit-html": {
      "version": "1.2.1",
      "resolved": "https://registry.npmjs.org/lit-html/-/lit-html-1.2.1.tgz",
      "integrity": "sha512-GSJHHXMGLZDzTRq59IUfL9FCdAlGfqNp/dEa7k7aBaaWD+JKaCjsAk9KYm2V12ItonVaYx2dprN66Zdm1AuBTQ=="
    },
    "lit-router": {
      "version": "0.2.2",
      "resolved": "https://registry.npmjs.org/lit-router/-/lit-router-0.2.2.tgz",
      "integrity": "sha512-VhxF5wNmSIY+JFUTGpvgjfhvnZtcEp2KeYRLsD+Wn7v2p/Ss2ZRLZiyLjnkOyFmQRm15m5FlgoBa5kHEB6Y+OQ=="
    },
    "mobx": {
      "version": "5.15.4",
      "resolved": "https://registry.npmjs.org/mobx/-/mobx-5.15.4.tgz",
      "integrity": "sha512-xRFJxSU2Im3nrGCdjSuOTFmxVDGeqOHL+TyADCGbT0k4HHqGmx5u2yaHNryvoORpI4DfbzjJ5jPmuv+d7sioFw=="
    }
  }
}
